
Microsoft Visual Studio Solution File, Format Version 12.00
# Visual Studio Version 17
VisualStudioVersion = 17.11.35312.102
MinimumVisualStudioVersion = 10.0.40219.1
Project("{FAE04EC0-301F-11D3-BF4B-00C04F79EFBC}") = "login-form", "login-form\login-form.csproj", "{6F5EEA06-7786-459E-934E-2CDC2DD02266}"
EndProject
Global
	GlobalSection(SolutionConfigurationPlatforms) = preSolution
		Debug|Any CPU = Debug|Any CPU
		Release|Any CPU = Release|Any CPU
	EndGlobalSection
	GlobalSection(ProjectConfigurationPlatforms) = postSolution
		{6F5EEA06-7786-459E-934E-2CDC2DD02266}.Debug|Any CPU.ActiveCfg = Debug|Any CPU
		{6F5EEA06-7786-459E-934E-2CDC2DD02266}.Debug|Any CPU.Build.0 = Debug|Any CPU
		{6F5EEA06-7786-459E-934E-2CDC2DD02266}.Release|Any CPU.ActiveCfg = Release|Any CPU
		{6F5EEA06-7786-459E-934E-2CDC2DD02266}.Release|Any CPU.Build.0 = Release|Any CPU
	EndGlobalSection
	GlobalSection(SolutionProperties) = preSolution
		HideSolutionNode = FALSE
	EndGlobalSection
	GlobalSection(ExtensibilityGlobals) = postSolution
		SolutionGuid = {8C47A135-9CF7-40E1-97EF-3B013A7C7919}
	EndGlobalSection
EndGlobal
